
Microsoft Visual Studio Solution File, Format Version 12.00
# Visual Studio 15
VisualStudioVersion = 15.0.28307.1022
MinimumVisualStudioVersion = 10.0.40219.1
Project("{E24C65DC-7377-472B-9ABA-BC803B73C61A}") = "HomeWork_6", "HomeWork_6\", "{27AEF436-2150-4A08-A1E3-21F92DE88D76}"
	ProjectSection(WebsiteProperties) = preProject
		TargetFrameworkMoniker = ".NETFramework,Version%3Dv4.6.1"
		Debug.AspNetCompiler.VirtualPath = "/localhost_6002"
		Debug.AspNetCompiler.PhysicalPath = "HomeWork_6\"
		Debug.AspNetCompiler.TargetPath = "PrecompiledWeb\localhost_6002\"
		Debug.AspNetCompiler.Updateable = "true"
		Debug.AspNetCompiler.ForceOverwrite = "true"
		Debug.AspNetCompiler.FixedNames = "false"
		Debug.AspNetCompiler.Debug = "True"
		Release.AspNetCompiler.VirtualPath = "/localhost_6002"
		Release.AspNetCompiler.PhysicalPath = "HomeWork_6\"
		Release.AspNetCompiler.TargetPath = "PrecompiledWeb\localhost_6002\"
		Release.AspNetCompiler.Updateable = "true"
		Release.AspNetCompiler.ForceOverwrite = "true"
		Release.AspNetCompiler.FixedNames = "false"
		Release.AspNetCompiler.Debug = "False"
		VWDPort = "6002"
		SlnRelativePath = "HomeWork_6\"
		DefaultWebSiteLanguage = "Visual C#"
	EndProjectSection
EndProject
Global
	GlobalSection(SolutionConfigurationPlatforms) = preSolution
		Debug|Any CPU = Debug|Any CPU
	EndGlobalSection
	GlobalSection(ProjectConfigurationPlatforms) = postSolution
		{27AEF436-2150-4A08-A1E3-21F92DE88D76}.Debug|Any CPU.ActiveCfg = Debug|Any CPU
		{27AEF436-2150-4A08-A1E3-21F92DE88D76}.Debug|Any CPU.Build.0 = Debug|Any CPU
	EndGlobalSection
	GlobalSection(SolutionProperties) = preSolution
		HideSolutionNode = FALSE
	EndGlobalSection
	GlobalSection(ExtensibilityGlobals) = postSolution
		SolutionGuid = {0119277F-2380-4648-9418-7259B3E9D989}
	EndGlobalSection
EndGlobal
